
Microsoft Visual Studio Solution File, Format Version 12.00
# Visual Studio Version 17
VisualStudioVersion = 17.9.34407.89
MinimumVisualStudioVersion = 10.0.40219.1
Project("{F2A71F9B-5D33-465A-A702-920D77279786}") = "lab1.2", "lab1.2\lab1.2.fsproj", "{B468BBE5-8338-4653-859B-598BE49041CA}"
EndProject
Global
	GlobalSection(SolutionConfigurationPlatforms) = preSolution
		Debug|Any CPU = Debug|Any CPU
		Release|Any CPU = Release|Any CPU
	EndGlobalSection
	GlobalSection(ProjectConfigurationPlatforms) = postSolution
		{B468BBE5-8338-4653-859B-598BE49041CA}.Debug|Any CPU.ActiveCfg = Debug|Any CPU
		{B468BBE5-8338-4653-859B-598BE49041CA}.Debug|Any CPU.Build.0 = Debug|Any CPU
		{B468BBE5-8338-4653-859B-598BE49041CA}.Release|Any CPU.ActiveCfg = Release|Any CPU
		{B468BBE5-8338-4653-859B-598BE49041CA}.Release|Any CPU.Build.0 = Release|Any CPU
	EndGlobalSection
	GlobalSection(SolutionProperties) = preSolution
		HideSolutionNode = FALSE
	EndGlobalSection
	GlobalSection(ExtensibilityGlobals) = postSolution
		SolutionGuid = {73A6A57E-2DBA-4BE4-82BA-0C4CDDF61512}
	EndGlobalSection
EndGlobal
