
Microsoft Visual Studio Solution File, Format Version 12.00
# Visual Studio Version 17
VisualStudioVersion = 17.9.34407.89
MinimumVisualStudioVersion = 10.0.40219.1
Project("{F2A71F9B-5D33-465A-A702-920D77279786}") = "lab4.1", "lab4.1\lab4.1.fsproj", "{293B8CFD-7F2D-431E-96A6-CB329F78808C}"
EndProject
Global
	GlobalSection(SolutionConfigurationPlatforms) = preSolution
		Debug|Any CPU = Debug|Any CPU
		Release|Any CPU = Release|Any CPU
	EndGlobalSection
	GlobalSection(ProjectConfigurationPlatforms) = postSolution
		{293B8CFD-7F2D-431E-96A6-CB329F78808C}.Debug|Any CPU.ActiveCfg = Debug|Any CPU
		{293B8CFD-7F2D-431E-96A6-CB329F78808C}.Debug|Any CPU.Build.0 = Debug|Any CPU
		{293B8CFD-7F2D-431E-96A6-CB329F78808C}.Release|Any CPU.ActiveCfg = Release|Any CPU
		{293B8CFD-7F2D-431E-96A6-CB329F78808C}.Release|Any CPU.Build.0 = Release|Any CPU
	EndGlobalSection
	GlobalSection(SolutionProperties) = preSolution
		HideSolutionNode = FALSE
	EndGlobalSection
	GlobalSection(ExtensibilityGlobals) = postSolution
		SolutionGuid = {8B5446C7-AE06-4EE5-9C6C-6BF9C7461918}
	EndGlobalSection
EndGlobal
