
Microsoft Visual Studio Solution File, Format Version 12.00
# Visual Studio Version 17
VisualStudioVersion = 17.9.34407.89
MinimumVisualStudioVersion = 10.0.40219.1
Project("{F2A71F9B-5D33-465A-A702-920D77279786}") = "lab1.3", "lab1.3\lab1.3.fsproj", "{A1EDCE02-7159-4AAC-B22C-79B1B2DDA550}"
EndProject
Global
	GlobalSection(SolutionConfigurationPlatforms) = preSolution
		Debug|Any CPU = Debug|Any CPU
		Release|Any CPU = Release|Any CPU
	EndGlobalSection
	GlobalSection(ProjectConfigurationPlatforms) = postSolution
		{A1EDCE02-7159-4AAC-B22C-79B1B2DDA550}.Debug|Any CPU.ActiveCfg = Debug|Any CPU
		{A1EDCE02-7159-4AAC-B22C-79B1B2DDA550}.Debug|Any CPU.Build.0 = Debug|Any CPU
		{A1EDCE02-7159-4AAC-B22C-79B1B2DDA550}.Release|Any CPU.ActiveCfg = Release|Any CPU
		{A1EDCE02-7159-4AAC-B22C-79B1B2DDA550}.Release|Any CPU.Build.0 = Release|Any CPU
	EndGlobalSection
	GlobalSection(SolutionProperties) = preSolution
		HideSolutionNode = FALSE
	EndGlobalSection
	GlobalSection(ExtensibilityGlobals) = postSolution
		SolutionGuid = {7ABFCF84-C32A-4B56-8391-8863A68BABBC}
	EndGlobalSection
EndGlobal
