
Microsoft Visual Studio Solution File, Format Version 12.00
# Visual Studio Version 17
VisualStudioVersion = 17.9.34407.89
MinimumVisualStudioVersion = 10.0.40219.1
Project("{F2A71F9B-5D33-465A-A702-920D77279786}") = "lab4.2", "lab4.2\lab4.2.fsproj", "{3DD97232-7783-466E-B7E5-D719FB5A1840}"
EndProject
Global
	GlobalSection(SolutionConfigurationPlatforms) = preSolution
		Debug|Any CPU = Debug|Any CPU
		Release|Any CPU = Release|Any CPU
	EndGlobalSection
	GlobalSection(ProjectConfigurationPlatforms) = postSolution
		{3DD97232-7783-466E-B7E5-D719FB5A1840}.Debug|Any CPU.ActiveCfg = Debug|Any CPU
		{3DD97232-7783-466E-B7E5-D719FB5A1840}.Debug|Any CPU.Build.0 = Debug|Any CPU
		{3DD97232-7783-466E-B7E5-D719FB5A1840}.Release|Any CPU.ActiveCfg = Release|Any CPU
		{3DD97232-7783-466E-B7E5-D719FB5A1840}.Release|Any CPU.Build.0 = Release|Any CPU
	EndGlobalSection
	GlobalSection(SolutionProperties) = preSolution
		HideSolutionNode = FALSE
	EndGlobalSection
	GlobalSection(ExtensibilityGlobals) = postSolution
		SolutionGuid = {66C18B40-1006-4E55-BE26-F6B2AADC2CA6}
	EndGlobalSection
EndGlobal
